
Microsoft Visual Studio Solution File, Format Version 12.00
# Visual Studio Version 16
VisualStudioVersion = 16.0.31112.23
MinimumVisualStudioVersion = 10.0.40219.1
Project("{FAE04EC0-301F-11D3-BF4B-00C04F79EFBC}") = "EmployeeManager.UI", "EmployeeManager.UI\EmployeeManager.UI.csproj", "{75241215-F1AE-4E28-9D7F-38B2EA3C9492}"
EndProject
Global
	GlobalSection(SolutionConfigurationPlatforms) = preSolution
		Debug|Any CPU = Debug|Any CPU
		Release|Any CPU = Release|Any CPU
	EndGlobalSection
	GlobalSection(ProjectConfigurationPlatforms) = postSolution
		{75241215-F1AE-4E28-9D7F-38B2EA3C9492}.Debug|Any CPU.ActiveCfg = Debug|Any CPU
		{75241215-F1AE-4E28-9D7F-38B2EA3C9492}.Debug|Any CPU.Build.0 = Debug|Any CPU
		{75241215-F1AE-4E28-9D7F-38B2EA3C9492}.Release|Any CPU.ActiveCfg = Release|Any CPU
		{75241215-F1AE-4E28-9D7F-38B2EA3C9492}.Release|Any CPU.Build.0 = Release|Any CPU
	EndGlobalSection
	GlobalSection(SolutionProperties) = preSolution
		HideSolutionNode = FALSE
	EndGlobalSection
	GlobalSection(ExtensibilityGlobals) = postSolution
		SolutionGuid = {4234A40E-B4D2-4EC3-A4A5-7D322D7A9AF2}
	EndGlobalSection
EndGlobal
